
Microsoft Visual Studio Solution File, Format Version 12.00
# Visual Studio 15
VisualStudioVersion = 15.0.27428.2037
MinimumVisualStudioVersion = 10.0.40219.1
Project("{FAE04EC0-301F-11D3-BF4B-00C04F79EFBC}") = "XamarinClient.Android", "XamarinClient\XamarinClient.Android\XamarinClient.Android.csproj", "{34AE466D-B21D-4295-A477-E9DF32C1A4AF}"
EndProject
Project("{FAE04EC0-301F-11D3-BF4B-00C04F79EFBC}") = "XamarinClient.iOS", "XamarinClient\XamarinClient.iOS\XamarinClient.iOS.csproj", "{A0846F69-6D47-4428-A70A-24410A42970A}"
EndProject
Project("{FAE04EC0-301F-11D3-BF4B-00C04F79EFBC}") = "XamarinClient.UWP", "XamarinClient\XamarinClient.UWP\XamarinClient.UWP.csproj", "{56A6648C-B798-4E58-8C5D-D5EEC1A67F70}"
EndProject
Project("{D954291E-2A0B-460D-934E-DC6B0785DB48}") = "XamarinClient", "XamarinClient\XamarinClient\XamarinClient.shproj", "{69610ACC-1C34-404C-97E6-3FB643EBED53}"
EndProject
Global
	GlobalSection(SharedMSBuildProjectFiles) = preSolution
		XamarinClient\XamarinClient\XamarinClient.projitems*{34ae466d-b21d-4295-a477-e9df32c1a4af}*SharedItemsImports = 4
		XamarinClient\XamarinClient\XamarinClient.projitems*{56a6648c-b798-4e58-8c5d-d5eec1a67f70}*SharedItemsImports = 4
		XamarinClient\XamarinClient\XamarinClient.projitems*{69610acc-1c34-404c-97e6-3fb643ebed53}*SharedItemsImports = 13
		XamarinClient\XamarinClient\XamarinClient.projitems*{a0846f69-6d47-4428-a70a-24410a42970a}*SharedItemsImports = 4
	EndGlobalSection
	GlobalSection(SolutionConfigurationPlatforms) = preSolution
		Ad-Hoc|Any CPU = Ad-Hoc|Any CPU
		Ad-Hoc|ARM = Ad-Hoc|ARM
		Ad-Hoc|iPhone = Ad-Hoc|iPhone
		Ad-Hoc|iPhoneSimulator = Ad-Hoc|iPhoneSimulator
		Ad-Hoc|x64 = Ad-Hoc|x64
		Ad-Hoc|x86 = Ad-Hoc|x86
		AppStore|Any CPU = AppStore|Any CPU
		AppStore|ARM = AppStore|ARM
		AppStore|iPhone = AppStore|iPhone
		AppStore|iPhoneSimulator = AppStore|iPhoneSimulator
		AppStore|x64 = AppStore|x64
		AppStore|x86 = AppStore|x86
		Debug|Any CPU = Debug|Any CPU
		Debug|ARM = Debug|ARM
		Debug|iPhone = Debug|iPhone
		Debug|iPhoneSimulator = Debug|iPhoneSimulator
		Debug|x64 = Debug|x64
		Debug|x86 = Debug|x86
		Release|Any CPU = Release|Any CPU
		Release|ARM = Release|ARM
		Release|iPhone = Release|iPhone
		Release|iPhoneSimulator = Release|iPhoneSimulator
		Release|x64 = Release|x64
		Release|x86 = Release|x86
	EndGlobalSection
	GlobalSection(ProjectConfigurationPlatforms) = postSolution
		{34AE466D-B21D-4295-A477-E9DF32C1A4AF}.Ad-Hoc|Any CPU.ActiveCfg = Release|Any CPU
		{34AE466D-B21D-4295-A477-E9DF32C1A4AF}.Ad-Hoc|Any CPU.Build.0 = Release|Any CPU
		{34AE466D-B21D-4295-A477-E9DF32C1A4AF}.Ad-Hoc|Any CPU.Deploy.0 = Release|Any CPU
		{34AE466D-B21D-4295-A477-E9DF32C1A4AF}.Ad-Hoc|ARM.ActiveCfg = Release|Any CPU
		{34AE466D-B21D-4295-A477-E9DF32C1A4AF}.Ad-Hoc|ARM.Build.0 = Release|Any CPU
		{34AE466D-B21D-4295-A477-E9DF32C1A4AF}.Ad-Hoc|ARM.Deploy.0 = Release|Any CPU
		{34AE466D-B21D-4295-A477-E9DF32C1A4AF}.Ad-Hoc|iPhone.ActiveCfg = Release|Any CPU
		{34AE466D-B21D-4295-A477-E9DF32C1A4AF}.Ad-Hoc|iPhone.Build.0 = Release|Any CPU
		{34AE466D-B21D-4295-A477-E9DF32C1A4AF}.Ad-Hoc|iPhone.Deploy.0 = Release|Any CPU
		{34AE466D-B21D-4295-A477-E9DF32C1A4AF}.Ad-Hoc|iPhoneSimulator.ActiveCfg = Release|Any CPU
		{34AE466D-B21D-4295-A477-E9DF32C1A4AF}.Ad-Hoc|iPhoneSimulator.Build.0 = Release|Any CPU
		{34AE466D-B21D-4295-A477-E9DF32C1A4AF}.Ad-Hoc|iPhoneSimulator.Deploy.0 = Release|Any CPU
		{34AE466D-B21D-4295-A477-E9DF32C1A4AF}.Ad-Hoc|x64.ActiveCfg = Release|Any CPU
		{34AE466D-B21D-4295-A477-E9DF32C1A4AF}.Ad-Hoc|x64.Build.0 = Release|Any CPU
		{34AE466D-B21D-4295-A477-E9DF32C1A4AF}.Ad-Hoc|x64.Deploy.0 = Release|Any CPU
		{34AE466D-B21D-4295-A477-E9DF32C1A4AF}.Ad-Hoc|x86.ActiveCfg = Release|Any CPU
		{34AE466D-B21D-4295-A477-E9DF32C1A4AF}.Ad-Hoc|x86.Build.0 = Release|Any CPU
		{34AE466D-B21D-4295-A477-E9DF32C1A4AF}.Ad-Hoc|x86.Deploy.0 = Release|Any CPU
		{34AE466D-B21D-4295-A477-E9DF32C1A4AF}.AppStore|Any CPU.ActiveCfg = Release|Any CPU
		{34AE466D-B21D-4295-A477-E9DF32C1A4AF}.AppStore|Any CPU.Build.0 = Release|Any CPU
		{34AE466D-B21D-4295-A477-E9DF32C1A4AF}.AppStore|Any CPU.Deploy.0 = Release|Any CPU
		{34AE466D-B21D-4295-A477-E9DF32C1A4AF}.AppStore|ARM.ActiveCfg = Release|Any CPU
		{34AE466D-B21D-4295-A477-E9DF32C1A4AF}.AppStore|ARM.Build.0 = Release|Any CPU
		{34AE466D-B21D-4295-A477-E9DF32C1A4AF}.AppStore|ARM.Deploy.0 = Release|Any CPU
		{34AE466D-B21D-4295-A477-E9DF32C1A4AF}.AppStore|iPhone.ActiveCfg = Release|Any CPU
		{34AE466D-B21D-4295-A477-E9DF32C1A4AF}.AppStore|iPhone.Build.0 = Release|Any CPU
		{34AE466D-B21D-4295-A477-E9DF32C1A4AF}.AppStore|iPhone.Deploy.0 = Release|Any CPU
		{34AE466D-B21D-4295-A477-E9DF32C1A4AF}.AppStore|iPhoneSimulator.ActiveCfg = Release|Any CPU
		{34AE466D-B21D-4295-A477-E9DF32C1A4AF}.AppStore|iPhoneSimulator.Build.0 = Release|Any CPU
		{34AE466D-B21D-4295-A477-E9DF32C1A4AF}.AppStore|iPhoneSimulator.Deploy.0 = Release|Any CPU
		{34AE466D-B21D-4295-A477-E9DF32C1A4AF}.AppStore|x64.ActiveCfg = Release|Any CPU
		{34AE466D-B21D-4295-A477-E9DF32C1A4AF}.AppStore|x64.Build.0 = Release|Any CPU
		{34AE466D-B21D-4295-A477-E9DF32C1A4AF}.AppStore|x64.Deploy.0 = Release|Any CPU
		{34AE466D-B21D-4295-A477-E9DF32C1A4AF}.AppStore|x86.ActiveCfg = Release|Any CPU
		{34AE466D-B21D-4295-A477-E9DF32C1A4AF}.AppStore|x86.Build.0 = Release|Any CPU
		{34AE466D-B21D-4295-A477-E9DF32C1A4AF}.AppStore|x86.Deploy.0 = Release|Any CPU
		{34AE466D-B21D-4295-A477-E9DF32C1A4AF}.Debug|Any CPU.ActiveCfg = Debug|Any CPU
		{34AE466D-B21D-4295-A477-E9DF32C1A4AF}.Debug|ARM.ActiveCfg = Debug|Any CPU
		{34AE466D-B21D-4295-A477-E9DF32C1A4AF}.Debug|ARM.Build.0 = Debug|Any CPU
		{34AE466D-B21D-4295-A477-E9DF32C1A4AF}.Debug|ARM.Deploy.0 = Debug|Any CPU
		{34AE466D-B21D-4295-A477-E9DF32C1A4AF}.Debug|iPhone.ActiveCfg = Debug|Any CPU
		{34AE466D-B21D-4295-A477-E9DF32C1A4AF}.Debug|iPhone.Build.0 = Debug|Any CPU
		{34AE466D-B21D-4295-A477-E9DF32C1A4AF}.Debug|iPhone.Deploy.0 = Debug|Any CPU
		{34AE466D-B21D-4295-A477-E9DF32C1A4AF}.Debug|iPhoneSimulator.ActiveCfg = Debug|Any CPU
		{34AE466D-B21D-4295-A477-E9DF32C1A4AF}.Debug|iPhoneSimulator.Build.0 = Debug|Any CPU
		{34AE466D-B21D-4295-A477-E9DF32C1A4AF}.Debug|iPhoneSimulator.Deploy.0 = Debug|Any CPU
		{34AE466D-B21D-4295-A477-E9DF32C1A4AF}.Debug|x64.ActiveCfg = Debug|Any CPU
		{34AE466D-B21D-4295-A477-E9DF32C1A4AF}.Debug|x64.Build.0 = Debug|Any CPU
		{34AE466D-B21D-4295-A477-E9DF32C1A4AF}.Debug|x64.Deploy.0 = Debug|Any CPU
		{34AE466D-B21D-4295-A477-E9DF32C1A4AF}.Debug|x86.ActiveCfg = Debug|Any CPU
		{34AE466D-B21D-4295-A477-E9DF32C1A4AF}.Debug|x86.Build.0 = Debug|Any CPU
		{34AE466D-B21D-4295-A477-E9DF32C1A4AF}.Debug|x86.Deploy.0 = Debug|Any CPU
		{34AE466D-B21D-4295-A477-E9DF32C1A4AF}.Release|Any CPU.ActiveCfg = Release|Any CPU
		{34AE466D-B21D-4295-A477-E9DF32C1A4AF}.Release|Any CPU.Build.0 = Release|Any CPU
		{34AE466D-B21D-4295-A477-E9DF32C1A4AF}.Release|Any CPU.Deploy.0 = Release|Any CPU
		{34AE466D-B21D-4295-A477-E9DF32C1A4AF}.Release|ARM.ActiveCfg = Release|Any CPU
		{34AE466D-B21D-4295-A477-E9DF32C1A4AF}.Release|ARM.Build.0 = Release|Any CPU
		{34AE466D-B21D-4295-A477-E9DF32C1A4AF}.Release|ARM.Deploy.0 = Release|Any CPU
		{34AE466D-B21D-4295-A477-E9DF32C1A4AF}.Release|iPhone.ActiveCfg = Release|Any CPU
		{34AE466D-B21D-4295-A477-E9DF32C1A4AF}.Release|iPhone.Build.0 = Release|Any CPU
		{34AE466D-B21D-4295-A477-E9DF32C1A4AF}.Release|iPhone.Deploy.0 = Release|Any CPU
		{34AE466D-B21D-4295-A477-E9DF32C1A4AF}.Release|iPhoneSimulator.ActiveCfg = Release|Any CPU
		{34AE466D-B21D-4295-A477-E9DF32C1A4AF}.Release|iPhoneSimulator.Build.0 = Release|Any CPU
		{34AE466D-B21D-4295-A477-E9DF32C1A4AF}.Release|iPhoneSimulator.Deploy.0 = Release|Any CPU
		{34AE466D-B21D-4295-A477-E9DF32C1A4AF}.Release|x64.ActiveCfg = Release|Any CPU
		{34AE466D-B21D-4295-A477-E9DF32C1A4AF}.Release|x64.Build.0 = Release|Any CPU
		{34AE466D-B21D-4295-A477-E9DF32C1A4AF}.Release|x64.Deploy.0 = Release|Any CPU
		{34AE466D-B21D-4295-A477-E9DF32C1A4AF}.Release|x86.ActiveCfg = Release|Any CPU
		{34AE466D-B21D-4295-A477-E9DF32C1A4AF}.Release|x86.Build.0 = Release|Any CPU
		{34AE466D-B21D-4295-A477-E9DF32C1A4AF}.Release|x86.Deploy.0 = Release|Any CPU
		{A0846F69-6D47-4428-A70A-24410A42970A}.Ad-Hoc|Any CPU.ActiveCfg = Ad-Hoc|iPhone
		{A0846F69-6D47-4428-A70A-24410A42970A}.Ad-Hoc|ARM.ActiveCfg = Ad-Hoc|iPhone
		{A0846F69-6D47-4428-A70A-24410A42970A}.Ad-Hoc|iPhone.ActiveCfg = Ad-Hoc|iPhone
		{A0846F69-6D47-4428-A70A-24410A42970A}.Ad-Hoc|iPhone.Build.0 = Ad-Hoc|iPhone
		{A0846F69-6D47-4428-A70A-24410A42970A}.Ad-Hoc|iPhoneSimulator.ActiveCfg = Ad-Hoc|iPhoneSimulator
		{A0846F69-6D47-4428-A70A-24410A42970A}.Ad-Hoc|iPhoneSimulator.Build.0 = Ad-Hoc|iPhoneSimulator
		{A0846F69-6D47-4428-A70A-24410A42970A}.Ad-Hoc|x64.ActiveCfg = Ad-Hoc|iPhone
		{A0846F69-6D47-4428-A70A-24410A42970A}.Ad-Hoc|x86.ActiveCfg = Ad-Hoc|iPhone
		{A0846F69-6D47-4428-A70A-24410A42970A}.AppStore|Any CPU.ActiveCfg = AppStore|iPhone
		{A0846F69-6D47-4428-A70A-24410A42970A}.AppStore|ARM.ActiveCfg = AppStore|iPhone
		{A0846F69-6D47-4428-A70A-24410A42970A}.AppStore|iPhone.ActiveCfg = AppStore|iPhone
		{A0846F69-6D47-4428-A70A-24410A42970A}.AppStore|iPhone.Build.0 = AppStore|iPhone
		{A0846F69-6D47-4428-A70A-24410A42970A}.AppStore|iPhoneSimulator.ActiveCfg = AppStore|iPhoneSimulator
		{A0846F69-6D47-4428-A70A-24410A42970A}.AppStore|iPhoneSimulator.Build.0 = AppStore|iPhoneSimulator
		{A0846F69-6D47-4428-A70A-24410A42970A}.AppStore|x64.ActiveCfg = AppStore|iPhone
		{A0846F69-6D47-4428-A70A-24410A42970A}.AppStore|x86.ActiveCfg = AppStore|iPhone
		{A0846F69-6D47-4428-A70A-24410A42970A}.Debug|Any CPU.ActiveCfg = Debug|iPhone
		{A0846F69-6D47-4428-A70A-24410A42970A}.Debug|ARM.ActiveCfg = Debug|iPhone
		{A0846F69-6D47-4428-A70A-24410A42970A}.Debug|iPhone.ActiveCfg = Debug|iPhone
		{A0846F69-6D47-4428-A70A-24410A42970A}.Debug|iPhone.Build.0 = Debug|iPhone
		{A0846F69-6D47-4428-A70A-24410A42970A}.Debug|iPhoneSimulator.ActiveCfg = Debug|iPhoneSimulator
		{A0846F69-6D47-4428-A70A-24410A42970A}.Debug|iPhoneSimulator.Build.0 = Debug|iPhoneSimulator
		{A0846F69-6D47-4428-A70A-24410A42970A}.Debug|x64.ActiveCfg = Debug|iPhone
		{A0846F69-6D47-4428-A70A-24410A42970A}.Debug|x86.ActiveCfg = Debug|iPhone
		{A0846F69-6D47-4428-A70A-24410A42970A}.Release|Any CPU.ActiveCfg = Release|iPhone
		{A0846F69-6D47-4428-A70A-24410A42970A}.Release|ARM.ActiveCfg = Release|iPhone
		{A0846F69-6D47-4428-A70A-24410A42970A}.Release|iPhone.ActiveCfg = Release|iPhone
		{A0846F69-6D47-4428-A70A-24410A42970A}.Release|iPhone.Build.0 = Release|iPhone
		{A0846F69-6D47-4428-A70A-24410A42970A}.Release|iPhoneSimulator.ActiveCfg = Release|iPhoneSimulator
		{A0846F69-6D47-4428-A70A-24410A42970A}.Release|iPhoneSimulator.Build.0 = Release|iPhoneSimulator
		{A0846F69-6D47-4428-A70A-24410A42970A}.Release|x64.ActiveCfg = Release|iPhone
		{A0846F69-6D47-4428-A70A-24410A42970A}.Release|x86.ActiveCfg = Release|iPhone
		{56A6648C-B798-4E58-8C5D-D5EEC1A67F70}.Ad-Hoc|Any CPU.ActiveCfg = Release|x86
		{56A6648C-B798-4E58-8C5D-D5EEC1A67F70}.Ad-Hoc|Any CPU.Build.0 = Release|x86
		{56A6648C-B798-4E58-8C5D-D5EEC1A67F70}.Ad-Hoc|Any CPU.Deploy.0 = Release|x86
		{56A6648C-B798-4E58-8C5D-D5EEC1A67F70}.Ad-Hoc|ARM.ActiveCfg = Release|ARM
		{56A6648C-B798-4E58-8C5D-D5EEC1A67F70}.Ad-Hoc|ARM.Build.0 = Release|ARM
		{56A6648C-B798-4E58-8C5D-D5EEC1A67F70}.Ad-Hoc|ARM.Deploy.0 = Release|ARM
		{56A6648C-B798-4E58-8C5D-D5EEC1A67F70}.Ad-Hoc|iPhone.ActiveCfg = Release|x86
		{56A6648C-B798-4E58-8C5D-D5EEC1A67F70}.Ad-Hoc|iPhone.Build.0 = Release|x86
		{56A6648C-B798-4E58-8C5D-D5EEC1A67F70}.Ad-Hoc|iPhone.Deploy.0 = Release|x86
		{56A6648C-B798-4E58-8C5D-D5EEC1A67F70}.Ad-Hoc|iPhoneSimulator.ActiveCfg = Release|x86
		{56A6648C-B798-4E58-8C5D-D5EEC1A67F70}.Ad-Hoc|iPhoneSimulator.Build.0 = Release|x86
		{56A6648C-B798-4E58-8C5D-D5EEC1A67F70}.Ad-Hoc|iPhoneSimulator.Deploy.0 = Release|x86
		{56A6648C-B798-4E58-8C5D-D5EEC1A67F70}.Ad-Hoc|x64.ActiveCfg = Release|x64
		{56A6648C-B798-4E58-8C5D-D5EEC1A67F70}.Ad-Hoc|x64.Build.0 = Release|x64
		{56A6648C-B798-4E58-8C5D-D5EEC1A67F70}.Ad-Hoc|x64.Deploy.0 = Release|x64
		{56A6648C-B798-4E58-8C5D-D5EEC1A67F70}.Ad-Hoc|x86.ActiveCfg = Release|x86
		{56A6648C-B798-4E58-8C5D-D5EEC1A67F70}.Ad-Hoc|x86.Build.0 = Release|x86
		{56A6648C-B798-4E58-8C5D-D5EEC1A67F70}.Ad-Hoc|x86.Deploy.0 = Release|x86
		{56A6648C-B798-4E58-8C5D-D5EEC1A67F70}.AppStore|Any CPU.ActiveCfg = Release|x86
		{56A6648C-B798-4E58-8C5D-D5EEC1A67F70}.AppStore|Any CPU.Build.0 = Release|x86
		{56A6648C-B798-4E58-8C5D-D5EEC1A67F70}.AppStore|Any CPU.Deploy.0 = Release|x86
		{56A6648C-B798-4E58-8C5D-D5EEC1A67F70}.AppStore|ARM.ActiveCfg = Release|ARM
		{56A6648C-B798-4E58-8C5D-D5EEC1A67F70}.AppStore|ARM.Build.0 = Release|ARM
		{56A6648C-B798-4E58-8C5D-D5EEC1A67F70}.AppStore|ARM.Deploy.0 = Release|ARM
		{56A6648C-B798-4E58-8C5D-D5EEC1A67F70}.AppStore|iPhone.ActiveCfg = Release|x86
		{56A6648C-B798-4E58-8C5D-D5EEC1A67F70}.AppStore|iPhone.Build.0 = Release|x86
		{56A6648C-B798-4E58-8C5D-D5EEC1A67F70}.AppStore|iPhone.Deploy.0 = Release|x86
		{56A6648C-B798-4E58-8C5D-D5EEC1A67F70}.AppStore|iPhoneSimulator.ActiveCfg = Release|x86
		{56A6648C-B798-4E58-8C5D-D5EEC1A67F70}.AppStore|iPhoneSimulator.Build.0 = Release|x86
		{56A6648C-B798-4E58-8C5D-D5EEC1A67F70}.AppStore|iPhoneSimulator.Deploy.0 = Release|x86
		{56A6648C-B798-4E58-8C5D-D5EEC1A67F70}.AppStore|x64.ActiveCfg = Release|x64
		{56A6648C-B798-4E58-8C5D-D5EEC1A67F70}.AppStore|x64.Build.0 = Release|x64
		{56A6648C-B798-4E58-8C5D-D5EEC1A67F70}.AppStore|x64.Deploy.0 = Release|x64
		{56A6648C-B798-4E58-8C5D-D5EEC1A67F70}.AppStore|x86.ActiveCfg = Release|x86
		{56A6648C-B798-4E58-8C5D-D5EEC1A67F70}.AppStore|x86.Build.0 = Release|x86
		{56A6648C-B798-4E58-8C5D-D5EEC1A67F70}.AppStore|x86.Deploy.0 = Release|x86
		{56A6648C-B798-4E58-8C5D-D5EEC1A67F70}.Debug|Any CPU.ActiveCfg = Debug|x86
		{56A6648C-B798-4E58-8C5D-D5EEC1A67F70}.Debug|Any CPU.Build.0 = Debug|x86
		{56A6648C-B798-4E58-8C5D-D5EEC1A67F70}.Debug|Any CPU.Deploy.0 = Debug|x86
		{56A6648C-B798-4E58-8C5D-D5EEC1A67F70}.Debug|ARM.ActiveCfg = Debug|ARM
		{56A6648C-B798-4E58-8C5D-D5EEC1A67F70}.Debug|ARM.Build.0 = Debug|ARM
		{56A6648C-B798-4E58-8C5D-D5EEC1A67F70}.Debug|ARM.Deploy.0 = Debug|ARM
		{56A6648C-B798-4E58-8C5D-D5EEC1A67F70}.Debug|iPhone.ActiveCfg = Debug|x86
		{56A6648C-B798-4E58-8C5D-D5EEC1A67F70}.Debug|iPhoneSimulator.ActiveCfg = Debug|x86
		{56A6648C-B798-4E58-8C5D-D5EEC1A67F70}.Debug|x64.ActiveCfg = Debug|x64
		{56A6648C-B798-4E58-8C5D-D5EEC1A67F70}.Debug|x64.Build.0 = Debug|x64
		{56A6648C-B798-4E58-8C5D-D5EEC1A67F70}.Debug|x64.Deploy.0 = Debug|x64
		{56A6648C-B798-4E58-8C5D-D5EEC1A67F70}.Debug|x86.ActiveCfg = Debug|x86
		{56A6648C-B798-4E58-8C5D-D5EEC1A67F70}.Debug|x86.Build.0 = Debug|x86
		{56A6648C-B798-4E58-8C5D-D5EEC1A67F70}.Debug|x86.Deploy.0 = Debug|x86
		{56A6648C-B798-4E58-8C5D-D5EEC1A67F70}.Release|Any CPU.ActiveCfg = Release|x86
		{56A6648C-B798-4E58-8C5D-D5EEC1A67F70}.Release|ARM.ActiveCfg = Release|ARM
		{56A6648C-B798-4E58-8C5D-D5EEC1A67F70}.Release|ARM.Build.0 = Release|ARM
		{56A6648C-B798-4E58-8C5D-D5EEC1A67F70}.Release|ARM.Deploy.0 = Release|ARM
		{56A6648C-B798-4E58-8C5D-D5EEC1A67F70}.Release|iPhone.ActiveCfg = Release|x86
		{56A6648C-B798-4E58-8C5D-D5EEC1A67F70}.Release|iPhoneSimulator.ActiveCfg = Release|x86
		{56A6648C-B798-4E58-8C5D-D5EEC1A67F70}.Release|x64.ActiveCfg = Release|x64
		{56A6648C-B798-4E58-8C5D-D5EEC1A67F70}.Release|x64.Build.0 = Release|x64
		{56A6648C-B798-4E58-8C5D-D5EEC1A67F70}.Release|x64.Deploy.0 = Release|x64
		{56A6648C-B798-4E58-8C5D-D5EEC1A67F70}.Release|x86.ActiveCfg = Release|x86
		{56A6648C-B798-4E58-8C5D-D5EEC1A67F70}.Release|x86.Build.0 = Release|x86
		{56A6648C-B798-4E58-8C5D-D5EEC1A67F70}.Release|x86.Deploy.0 = Release|x86
	EndGlobalSection
	GlobalSection(SolutionProperties) = preSolution
		HideSolutionNode = FALSE
	EndGlobalSection
	GlobalSection(ExtensibilityGlobals) = postSolution
		SolutionGuid = {FDD7B72C-4380-437D-8AC5-22DE1F1D5C44}
	EndGlobalSection
EndGlobal
